// !$*UTF8*$!
{
	archiveVersion = 1;
	classes = {
	};
	objectVersion = 56;
	objects = {

/* Begin PBXBuildFile section */
		4F493B6E2959C11A00704BEB /* AppDelegate.swift in Sources */ = {isa = PBXBuildFile; fileRef = 4F493B6D2959C11A00704BEB /* AppDelegate.swift */; };
		4F493B702959C11A00704BEB /* SceneDelegate.swift in Sources */ = {isa = PBXBuildFile; fileRef = 4F493B6F2959C11A00704BEB /* SceneDelegate.swift */; };
		4F493B752959C11A00704BEB /* Main.storyboard in Resources */ = {isa = PBXBuildFile; fileRef = 4F493B732959C11A00704BEB /* Main.storyboard */; };
		4F493B772959C11B00704BEB /* Assets.xcassets in Resources */ = {isa = PBXBuildFile; fileRef = 4F493B762959C11B00704BEB /* Assets.xcassets */; };
		4F493B7A2959C11B00704BEB /* LaunchScreen.storyboard in Resources */ = {isa = PBXBuildFile; fileRef = 4F493B782959C11B00704BEB /* LaunchScreen.storyboard */; };
		4F493B862959C69B00704BEB /* TableViewCell.swift in Sources */ = {isa = PBXBuildFile; fileRef = 4F493B842959C69A00704BEB /* TableViewCell.swift */; };
		4F493B892959F42E00704BEB /* AddNewNoteController.swift in Sources */ = {isa = PBXBuildFile; fileRef = 4F493B882959F42E00704BEB /* AddNewNoteController.swift */; };
		4F493B8B2959FE6600704BEB /* NoteDetailsViewController.swift in Sources */ = {isa = PBXBuildFile; fileRef = 4F493B8A2959FE6600704BEB /* NoteDetailsViewController.swift */; };
		4F493B8E295AAED500704BEB /* noteDataModel.xcdatamodeld in Sources */ = {isa = PBXBuildFile; fileRef = 4F493B8C295AAED500704BEB /* noteDataModel.xcdatamodeld */; };
		4F493B90295AAF7600704BEB /* Note.swift in Sources */ = {isa = PBXBuildFile; fileRef = 4F493B8F295AAF7600704BEB /* Note.swift */; };
		4F493B92295B5F3300704BEB /* NoteTableView.swift in Sources */ = {isa = PBXBuildFile; fileRef = 4F493B91295B5F3300704BEB /* NoteTableView.swift */; };
/* End PBXBuildFile section */

/* Begin PBXFileReference section */
		4F493B6A2959C11A00704BEB /* shiftProjectNotes.app */ = {isa = PBXFileReference; explicitFileType = wrapper.application; includeInIndex = 0; path = shiftProjectNotes.app; sourceTree = BUILT_PRODUCTS_DIR; };
		4F493B6D2959C11A00704BEB /* AppDelegate.swift */ = {isa = PBXFileReference; lastKnownFileType = sourcecode.swift; path = AppDelegate.swift; sourceTree = "<group>"; };
		4F493B6F2959C11A00704BEB /* SceneDelegate.swift */ = {isa = PBXFileReference; lastKnownFileType = sourcecode.swift; path = SceneDelegate.swift; sourceTree = "<group>"; };
		4F493B742959C11A00704BEB /* Base */ = {isa = PBXFileReference; lastKnownFileType = file.storyboard; name = Base; path = Base.lproj/Main.storyboard; sourceTree = "<group>"; };
		4F493B762959C11B00704BEB /* Assets.xcassets */ = {isa = PBXFileReference; lastKnownFileType = folder.assetcatalog; path = Assets.xcassets; sourceTree = "<group>"; };
		4F493B792959C11B00704BEB /* Base */ = {isa = PBXFileReference; lastKnownFileType = file.storyboard; name = Base; path = Base.lproj/LaunchScreen.storyboard; sourceTree = "<group>"; };
		4F493B7B2959C11B00704BEB /* Info.plist */ = {isa = PBXFileReference; lastKnownFileType = text.plist.xml; path = Info.plist; sourceTree = "<group>"; };
		4F493B842959C69A00704BEB /* TableViewCell.swift */ = {isa = PBXFileReference; lastKnownFileType = sourcecode.swift; path = TableViewCell.swift; sourceTree = "<group>"; };
		4F493B882959F42E00704BEB /* AddNewNoteController.swift */ = {isa = PBXFileReference; lastKnownFileType = sourcecode.swift; path = AddNewNoteController.swift; sourceTree = "<group>"; };
		4F493B8A2959FE6600704BEB /* NoteDetailsViewController.swift */ = {isa = PBXFileReference; lastKnownFileType = sourcecode.swift; path = NoteDetailsViewController.swift; sourceTree = "<group>"; };
		4F493B8D295AAED500704BEB /* noteDataModel.xcdatamodel */ = {isa = PBXFileReference; lastKnownFileType = wrapper.xcdatamodel; path = noteDataModel.xcdatamodel; sourceTree = "<group>"; };
		4F493B8F295AAF7600704BEB /* Note.swift */ = {isa = PBXFileReference; lastKnownFileType = sourcecode.swift; path = Note.swift; sourceTree = "<group>"; };
		4F493B91295B5F3300704BEB /* NoteTableView.swift */ = {isa = PBXFileReference; lastKnownFileType = sourcecode.swift; path = NoteTableView.swift; sourceTree = "<group>"; };
/* End PBXFileReference section */

/* Begin PBXFrameworksBuildPhase section */
		4F493B672959C11A00704BEB /* Frameworks */ = {
			isa = PBXFrameworksBuildPhase;
			buildActionMask = 2147483647;
			files = (
			);
			runOnlyForDeploymentPostprocessing = 0;
		};
/* End PBXFrameworksBuildPhase section */

/* Begin PBXGroup section */
		4F493B612959C11A00704BEB = {
			isa = PBXGroup;
			children = (
				4F493B6C2959C11A00704BEB /* shiftProjectNotes */,
				4F493B6B2959C11A00704BEB /* Products */,
			);
			sourceTree = "<group>";
		};
		4F493B6B2959C11A00704BEB /* Products */ = {
			isa = PBXGroup;
			children = (
				4F493B6A2959C11A00704BEB /* shiftProjectNotes.app */,
			);
			name = Products;
			sourceTree = "<group>";
		};
		4F493B6C2959C11A00704BEB /* shiftProjectNotes */ = {
			isa = PBXGroup;
			children = (
				4F493B832959C16C00704BEB /* MainScreen */,
				4F493B822959C15300704BEB /* Application */,
				4F493B812959C13200704BEB /* Resources */,
			);
			path = shiftProjectNotes;
			sourceTree = "<group>";
		};
		4F493B812959C13200704BEB /* Resources */ = {
			isa = PBXGroup;
			children = (
				4F493B782959C11B00704BEB /* LaunchScreen.storyboard */,
				4F493B762959C11B00704BEB /* Assets.xcassets */,
				4F493B7B2959C11B00704BEB /* Info.plist */,
			);
			path = Resources;
			sourceTree = "<group>";
		};
		4F493B822959C15300704BEB /* Application */ = {
			isa = PBXGroup;
			children = (
				4F493B6D2959C11A00704BEB /* AppDelegate.swift */,
				4F493B6F2959C11A00704BEB /* SceneDelegate.swift */,
			);
			path = Application;
			sourceTree = "<group>";
		};
		4F493B832959C16C00704BEB /* MainScreen */ = {
			isa = PBXGroup;
			children = (
				4F493B8F295AAF7600704BEB /* Note.swift */,
				4F493B8C295AAED500704BEB /* noteDataModel.xcdatamodeld */,
				4F493B732959C11A00704BEB /* Main.storyboard */,
				4F493B842959C69A00704BEB /* TableViewCell.swift */,
				4F493B882959F42E00704BEB /* AddNewNoteController.swift */,
				4F493B8A2959FE6600704BEB /* NoteDetailsViewController.swift */,
				4F493B91295B5F3300704BEB /* NoteTableView.swift */,
			);
			path = MainScreen;
			sourceTree = "<group>";
		};
/* End PBXGroup section */

/* Begin PBXNativeTarget section */
		4F493B692959C11A00704BEB /* shiftProjectNotes */ = {
			isa = PBXNativeTarget;
			buildConfigurationList = 4F493B7E2959C11B00704BEB /* Build configuration list for PBXNativeTarget "shiftProjectNotes" */;
			buildPhases = (
				4F493B662959C11A00704BEB /* Sources */,
				4F493B672959C11A00704BEB /* Frameworks */,
				4F493B682959C11A00704BEB /* Resources */,
			);
			buildRules = (
			);
			dependencies = (
			);
			name = shiftProjectNotes;
			productName = shiftProjectNotes;
			productReference = 4F493B6A2959C11A00704BEB /* shiftProjectNotes.app */;
			productType = "com.apple.product-type.application";
		};
/* End PBXNativeTarget section */

/* Begin PBXProject section */
		4F493B622959C11A00704BEB /* Project object */ = {
			isa = PBXProject;
			attributes = {
				BuildIndependentTargetsInParallel = 1;
				LastSwiftUpdateCheck = 1420;
				LastUpgradeCheck = 1420;
				TargetAttributes = {
					4F493B692959C11A00704BEB = {
						CreatedOnToolsVersion = 14.2;
					};
				};
			};
			buildConfigurationList = 4F493B652959C11A00704BEB /* Build configuration list for PBXProject "shiftProjectNotes" */;
			compatibilityVersion = "Xcode 14.0";
			developmentRegion = en;
			hasScannedForEncodings = 0;
			knownRegions = (
				en,
				Base,
			);
			mainGroup = 4F493B612959C11A00704BEB;
			productRefGroup = 4F493B6B2959C11A00704BEB /* Products */;
			projectDirPath = "";
			projectRoot = "";
			targets = (
				4F493B692959C11A00704BEB /* shiftProjectNotes */,
			);
		};
/* End PBXProject section */

/* Begin PBXResourcesBuildPhase section */
		4F493B682959C11A00704BEB /* Resources */ = {
			isa = PBXResourcesBuildPhase;
			buildActionMask = 2147483647;
			files = (
				4F493B7A2959C11B00704BEB /* LaunchScreen.storyboard in Resources */,
				4F493B772959C11B00704BEB /* Assets.xcassets in Resources */,
				4F493B752959C11A00704BEB /* Main.storyboard in Resources */,
			);
			runOnlyForDeploymentPostprocessing = 0;
		};
/* End PBXResourcesBuildPhase section */

/* Begin PBXSourcesBuildPhase section */
		4F493B662959C11A00704BEB /* Sources */ = {
			isa = PBXSourcesBuildPhase;
			buildActionMask = 2147483647;
			files = (
				4F493B92295B5F3300704BEB /* NoteTableView.swift in Sources */,
				4F493B862959C69B00704BEB /* TableViewCell.swift in Sources */,
				4F493B6E2959C11A00704BEB /* AppDelegate.swift in Sources */,
				4F493B90295AAF7600704BEB /* Note.swift in Sources */,
				4F493B892959F42E00704BEB /* AddNewNoteController.swift in Sources */,
				4F493B702959C11A00704BEB /* SceneDelegate.swift in Sources */,
				4F493B8B2959FE6600704BEB /* NoteDetailsViewController.swift in Sources */,
				4F493B8E295AAED500704BEB /* noteDataModel.xcdatamodeld in Sources */,
			);
			runOnlyForDeploymentPostprocessing = 0;
		};
/* End PBXSourcesBuildPhase section */

/* Begin PBXVariantGroup section */
		4F493B732959C11A00704BEB /* Main.storyboard */ = {
			isa = PBXVariantGroup;
			children = (
				4F493B742959C11A00704BEB /* Base */,
			);
			name = Main.storyboard;
			sourceTree = "<group>";
		};
		4F493B782959C11B00704BEB /* LaunchScreen.storyboard */ = {
			isa = PBXVariantGroup;
			children = (
				4F493B792959C11B00704BEB /* Base */,
			);
			name = LaunchScreen.storyboard;
			sourceTree = "<group>";
		};
/* End PBXVariantGroup section */

/* Begin XCBuildConfiguration section */
		4F493B7C2959C11B00704BEB /* Debug */ = {
			isa = XCBuildConfiguration;
			buildSettings = {
				ALWAYS_SEARCH_USER_PATHS = NO;
				CLANG_ANALYZER_NONNULL = YES;
				CLANG_ANALYZER_NUMBER_OBJECT_CONVERSION = YES_AGGRESSIVE;
				CLANG_CXX_LANGUAGE_STANDARD = "gnu++20";
				CLANG_ENABLE_MODULES = YES;
				CLANG_ENABLE_OBJC_ARC = YES;
				CLANG_ENABLE_OBJC_WEAK = YES;
				CLANG_WARN_BLOCK_CAPTURE_AUTORELEASING = YES;
				CLANG_WARN_BOOL_CONVERSION = YES;
				CLANG_WARN_COMMA = YES;
				CLANG_WARN_CONSTANT_CONVERSION = YES;
				CLANG_WARN_DEPRECATED_OBJC_IMPLEMENTATIONS = YES;
				CLANG_WARN_DIRECT_OBJC_ISA_USAGE = YES_ERROR;
				CLANG_WARN_DOCUMENTATION_COMMENTS = YES;
				CLANG_WARN_EMPTY_BODY = YES;
				CLANG_WARN_ENUM_CONVERSION = YES;
				CLANG_WARN_INFINITE_RECURSION = YES;
				CLANG_WARN_INT_CONVERSION = YES;
				CLANG_WARN_NON_LITERAL_NULL_CONVERSION = YES;
				CLANG_WARN_OBJC_IMPLICIT_RETAIN_SELF = YES;
				CLANG_WARN_OBJC_LITERAL_CONVERSION = YES;
				CLANG_WARN_OBJC_ROOT_CLASS = YES_ERROR;
				CLANG_WARN_QUOTED_INCLUDE_IN_FRAMEWORK_HEADER = YES;
				CLANG_WARN_RANGE_LOOP_ANALYSIS = YES;
				CLANG_WARN_STRICT_PROTOTYPES = YES;
				CLANG_WARN_SUSPICIOUS_MOVE = YES;
				CLANG_WARN_UNGUARDED_AVAILABILITY = YES_AGGRESSIVE;
				CLANG_WARN_UNREACHABLE_CODE = YES;
				CLANG_WARN__DUPLICATE_METHOD_MATCH = YES;
				COPY_PHASE_STRIP = NO;
				DEBUG_INFORMATION_FORMAT = dwarf;
				ENABLE_STRICT_OBJC_MSGSEND = YES;
				ENABLE_TESTABILITY = YES;
				GCC_C_LANGUAGE_STANDARD = gnu11;
				GCC_DYNAMIC_NO_PIC = NO;
				GCC_NO_COMMON_BLOCKS = YES;
				GCC_OPTIMIZATION_LEVEL = 0;
				GCC_PREPROCESSOR_DEFINITIONS = (
					"DEBUG=1",
					"$(inherited)",
				);
				GCC_WARN_64_TO_32_BIT_CONVERSION = YES;
				GCC_WARN_ABOUT_RETURN_TYPE = YES_ERROR;
				GCC_WARN_UNDECLARED_SELECTOR = YES;
				GCC_WARN_UNINITIALIZED_AUTOS = YES_AGGRESSIVE;
				GCC_WARN_UNUSED_FUNCTION = YES;
				GCC_WARN_UNUSED_VARIABLE = YES;
				IPHONEOS_DEPLOYMENT_TARGET = 16.2;
				MTL_ENABLE_DEBUG_INFO = INCLUDE_SOURCE;
				MTL_FAST_MATH = YES;
				ONLY_ACTIVE_ARCH = YES;
				SDKROOT = iphoneos;
				SWIFT_ACTIVE_COMPILATION_CONDITIONS = DEBUG;
				SWIFT_OPTIMIZATION_LEVEL = "-Onone";
			};
			name = Debug;
		};
		4F493B7D2959C11B00704BEB /* Release */ = {
			isa = XCBuildConfiguration;
			buildSettings = {
				ALWAYS_SEARCH_USER_PATHS = NO;
				CLANG_ANALYZER_NONNULL = YES;
				CLANG_ANALYZER_NUMBER_OBJECT_CONVERSION = YES_AGGRESSIVE;
				CLANG_CXX_LANGUAGE_STANDARD = "gnu++20";
				CLANG_ENABLE_MODULES = YES;
				CLANG_ENABLE_OBJC_ARC = YES;
				CLANG_ENABLE_OBJC_WEAK = YES;
				CLANG_WARN_BLOCK_CAPTURE_AUTORELEASING = YES;
				CLANG_WARN_BOOL_CONVERSION = YES;
				CLANG_WARN_COMMA = YES;
				CLANG_WARN_CONSTANT_CONVERSION = YES;
				CLANG_WARN_DEPRECATED_OBJC_IMPLEMENTATIONS = YES;
				CLANG_WARN_DIRECT_OBJC_ISA_USAGE = YES_ERROR;
				CLANG_WARN_DOCUMENTATION_COMMENTS = YES;
				CLANG_WARN_EMPTY_BODY = YES;
				CLANG_WARN_ENUM_CONVERSION = YES;
				CLANG_WARN_INFINITE_RECURSION = YES;
				CLANG_WARN_INT_CONVERSION = YES;
				CLANG_WARN_NON_LITERAL_NULL_CONVERSION = YES;
				CLANG_WARN_OBJC_IMPLICIT_RETAIN_SELF = YES;
				CLANG_WARN_OBJC_LITERAL_CONVERSION = YES;
				CLANG_WARN_OBJC_ROOT_CLASS = YES_ERROR;
				CLANG_WARN_QUOTED_INCLUDE_IN_FRAMEWORK_HEADER = YES;
				CLANG_WARN_RANGE_LOOP_ANALYSIS = YES;
				CLANG_WARN_STRICT_PROTOTYPES = YES;
				CLANG_WARN_SUSPICIOUS_MOVE = YES;
				CLANG_WARN_UNGUARDED_AVAILABILITY = YES_AGGRESSIVE;
				CLANG_WARN_UNREACHABLE_CODE = YES;
				CLANG_WARN__DUPLICATE_METHOD_MATCH = YES;
				COPY_PHASE_STRIP = NO;
				DEBUG_INFORMATION_FORMAT = "dwarf-with-dsym";
				ENABLE_NS_ASSERTIONS = NO;
				ENABLE_STRICT_OBJC_MSGSEND = YES;
				GCC_C_LANGUAGE_STANDARD = gnu11;
				GCC_NO_COMMON_BLOCKS = YES;
				GCC_WARN_64_TO_32_BIT_CONVERSION = YES;
				GCC_WARN_ABOUT_RETURN_TYPE = YES_ERROR;
				GCC_WARN_UNDECLARED_SELECTOR = YES;
				GCC_WARN_UNINITIALIZED_AUTOS = YES_AGGRESSIVE;
				GCC_WARN_UNUSED_FUNCTION = YES;
				GCC_WARN_UNUSED_VARIABLE = YES;
				IPHONEOS_DEPLOYMENT_TARGET = 16.2;
				MTL_ENABLE_DEBUG_INFO = NO;
				MTL_FAST_MATH = YES;
				SDKROOT = iphoneos;
				SWIFT_COMPILATION_MODE = wholemodule;
				SWIFT_OPTIMIZATION_LEVEL = "-O";
				VALIDATE_PRODUCT = YES;
			};
			name = Release;
		};
		4F493B7F2959C11B00704BEB /* Debug */ = {
			isa = XCBuildConfiguration;
			buildSettings = {
				ASSETCATALOG_COMPILER_APPICON_NAME = AppIcon;
				ASSETCATALOG_COMPILER_GLOBAL_ACCENT_COLOR_NAME = AccentColor;
				CODE_SIGN_STYLE = Automatic;
				CURRENT_PROJECT_VERSION = 1;
				GENERATE_INFOPLIST_FILE = YES;
				INFOPLIST_FILE = shiftProjectNotes/Resources/Info.plist;
				INFOPLIST_KEY_UIApplicationSupportsIndirectInputEvents = YES;
				INFOPLIST_KEY_UILaunchStoryboardName = LaunchScreen;
				INFOPLIST_KEY_UIMainStoryboardFile = Main;
				INFOPLIST_KEY_UISupportedInterfaceOrientations_iPad = "UIInterfaceOrientationPortrait UIInterfaceOrientationPortraitUpsideDown UIInterfaceOrientationLandscapeLeft UIInterfaceOrientationLandscapeRight";
				INFOPLIST_KEY_UISupportedInterfaceOrientations_iPhone = "UIInterfaceOrientationPortrait UIInterfaceOrientationLandscapeLeft UIInterfaceOrientationLandscapeRight";
				LD_RUNPATH_SEARCH_PATHS = (
					"$(inherited)",
					"@executable_path/Frameworks",
				);
				MARKETING_VERSION = 1.0;
				PRODUCT_BUNDLE_IDENTIFIER = jonertyS.shiftProjectNotes;
				PRODUCT_NAME = "$(TARGET_NAME)";
				SWIFT_EMIT_LOC_STRINGS = YES;
				SWIFT_VERSION = 5.0;
				TARGETED_DEVICE_FAMILY = "1,2";
			};
			name = Debug;
		};
		4F493B802959C11B00704BEB /* Release */ = {
			isa = XCBuildConfiguration;
			buildSettings = {
				ASSETCATALOG_COMPILER_APPICON_NAME = AppIcon;
				ASSETCATALOG_COMPILER_GLOBAL_ACCENT_COLOR_NAME = AccentColor;
				CODE_SIGN_STYLE = Automatic;
				CURRENT_PROJECT_VERSION = 1;
				GENERATE_INFOPLIST_FILE = YES;
				INFOPLIST_FILE = shiftProjectNotes/Resources/Info.plist;
				INFOPLIST_KEY_UIApplicationSupportsIndirectInputEvents = YES;
				INFOPLIST_KEY_UILaunchStoryboardName = LaunchScreen;
				INFOPLIST_KEY_UIMainStoryboardFile = Main;
				INFOPLIST_KEY_UISupportedInterfaceOrientations_iPad = "UIInterfaceOrientationPortrait UIInterfaceOrientationPortraitUpsideDown UIInterfaceOrientationLandscapeLeft UIInterfaceOrientationLandscapeRight";
				INFOPLIST_KEY_UISupportedInterfaceOrientations_iPhone = "UIInterfaceOrientationPortrait UIInterfaceOrientationLandscapeLeft UIInterfaceOrientationLandscapeRight";
				LD_RUNPATH_SEARCH_PATHS = (
					"$(inherited)",
					"@executable_path/Frameworks",
				);
				MARKETING_VERSION = 1.0;
				PRODUCT_BUNDLE_IDENTIFIER = jonertyS.shiftProjectNotes;
				PRODUCT_NAME = "$(TARGET_NAME)";
				SWIFT_EMIT_LOC_STRINGS = YES;
				SWIFT_VERSION = 5.0;
				TARGETED_DEVICE_FAMILY = "1,2";
			};
			name = Release;
		};
/* End XCBuildConfiguration section */

/* Begin XCConfigurationList section */
		4F493B652959C11A00704BEB /* Build configuration list for PBXProject "shiftProjectNotes" */ = {
			isa = XCConfigurationList;
			buildConfigurations = (
				4F493B7C2959C11B00704BEB /* Debug */,
				4F493B7D2959C11B00704BEB /* Release */,
			);
			defaultConfigurationIsVisible = 0;
			defaultConfigurationName = Release;
		};
		4F493B7E2959C11B00704BEB /* Build configuration list for PBXNativeTarget "shiftProjectNotes" */ = {
			isa = XCConfigurationList;
			buildConfigurations = (
				4F493B7F2959C11B00704BEB /* Debug */,
				4F493B802959C11B00704BEB /* Release */,
			);
			defaultConfigurationIsVisible = 0;
			defaultConfigurationName = Release;
		};
/* End XCConfigurationList section */

/* Begin XCVersionGroup section */
		4F493B8C295AAED500704BEB /* noteDataModel.xcdatamodeld */ = {
			isa = XCVersionGroup;
			children = (
				4F493B8D295AAED500704BEB /* noteDataModel.xcdatamodel */,
			);
			currentVersion = 4F493B8D295AAED500704BEB /* noteDataModel.xcdatamodel */;
			path = noteDataModel.xcdatamodeld;
			sourceTree = "<group>";
			versionGroupType = wrapper.xcdatamodel;
		};
/* End XCVersionGroup section */
	};
	rootObject = 4F493B622959C11A00704BEB /* Project object */;
}
